
Microsoft Visual Studio Solution File, Format Version 12.00
# Visual Studio Version 17
VisualStudioVersion = 17.12.35707.178 d17.12
MinimumVisualStudioVersion = 10.0.40219.1
Project("{FAE04EC0-301F-11D3-BF4B-00C04F79EFBC}") = "RepetBase_App", "RepetBase_App.csproj", "{485E8427-15BB-4CD9-A431-D48155A369B2}"
EndProject
Project("{54435603-DBB4-11D2-8724-00A0C9A8B90C}") = "RepetBase Installer", "..\RepetBase Installer\RepetBase Installer.vdproj", "{EEBEFED7-693C-4171-8F1F-B9CABF66177C}"
EndProject
Global
	GlobalSection(SolutionConfigurationPlatforms) = preSolution
		Debug|Any CPU = Debug|Any CPU
		Release|Any CPU = Release|Any CPU
	EndGlobalSection
	GlobalSection(ProjectConfigurationPlatforms) = postSolution
		{485E8427-15BB-4CD9-A431-D48155A369B2}.Debug|Any CPU.ActiveCfg = Debug|Any CPU
		{485E8427-15BB-4CD9-A431-D48155A369B2}.Debug|Any CPU.Build.0 = Debug|Any CPU
		{485E8427-15BB-4CD9-A431-D48155A369B2}.Release|Any CPU.ActiveCfg = Release|Any CPU
		{485E8427-15BB-4CD9-A431-D48155A369B2}.Release|Any CPU.Build.0 = Release|Any CPU
		{EEBEFED7-693C-4171-8F1F-B9CABF66177C}.Debug|Any CPU.ActiveCfg = Debug
		{EEBEFED7-693C-4171-8F1F-B9CABF66177C}.Release|Any CPU.ActiveCfg = Release
	EndGlobalSection
	GlobalSection(SolutionProperties) = preSolution
		HideSolutionNode = FALSE
	EndGlobalSection
	GlobalSection(ExtensibilityGlobals) = postSolution
		SolutionGuid = {2C3686C8-D632-4F0B-9105-A19E715244A6}
	EndGlobalSection
EndGlobal
